{
  "name": "@maboroshi/tslint-config",
  "version": "1.0.0",
  "lockfileVersion": 1,
  "requires": true,
  "dependencies": {
    "doctrine": {
      "version": "0.7.2",
      "resolved": "https://registry.npmjs.org/doctrine/-/doctrine-0.7.2.tgz",
      "integrity": "sha1-fLhgNZujvpDgQLJrcpzkv6ZUxSM=",
      "requires": {
        "esutils": "1.1.6",
        "isarray": "0.0.1"
      },
      "dependencies": {
        "esutils": {
          "version": "1.1.6",
          "resolved": "https://registry.npmjs.org/esutils/-/esutils-1.1.6.tgz",
          "integrity": "sha1-wBzKqa5LiXxtDD4hCuUvPHqEQ3U="
        }
      }
    },
    "eslint-plugin-prettier": {
      "version": "2.6.0",
      "resolved": "https://registry.npmjs.org/eslint-plugin-prettier/-/eslint-plugin-prettier-2.6.0.tgz",
      "integrity": "sha512-floiaI4F7hRkTrFe8V2ItOK97QYrX75DjmdzmVITZoAP6Cn06oEDPQRsO6MlHEP/u2SxI3xQ52Kpjw6j5WGfeQ==",
      "requires": {
        "fast-diff": "1.1.2",
        "jest-docblock": "21.2.0"
      }
    },
    "fast-diff": {
      "version": "1.1.2",
      "resolved": "https://registry.npmjs.org/fast-diff/-/fast-diff-1.1.2.tgz",
      "integrity": "sha512-KaJUt+M9t1qaIteSvjc6P3RbMdXsNhK61GRftR6SNxqmhthcd9MGIi4T+o0jD8LUSpSnSKXE20nLtJ3fOHxQig=="
    },
    "isarray": {
      "version": "0.0.1",
      "resolved": "https://registry.npmjs.org/isarray/-/isarray-0.0.1.tgz",
      "integrity": "sha1-ihis/Kmo9Bd+Cav8YDiTmwXR7t8="
    },
    "jest-docblock": {
      "version": "21.2.0",
      "resolved": "https://registry.npmjs.org/jest-docblock/-/jest-docblock-21.2.0.tgz",
      "integrity": "sha512-5IZ7sY9dBAYSV+YjQ0Ovb540Ku7AO9Z5o2Cg789xj167iQuZ2cG+z0f3Uct6WeYLbU6aQiM2pCs7sZ+4dotydw=="
    },
    "tslib": {
      "version": "1.9.0",
      "resolved": "https://registry.npmjs.org/tslib/-/tslib-1.9.0.tgz",
      "integrity": "sha512-f/qGG2tUkrISBlQZEjEqoZ3B2+npJjIf04H1wuAv9iA8i04Icp+61KRXxFdha22670NJopsZCIjhC3SnjPRKrQ=="
    },
    "tslint-config-prettier": {
      "version": "1.10.0",
      "resolved": "https://registry.npmjs.org/tslint-config-prettier/-/tslint-config-prettier-1.10.0.tgz",
      "integrity": "sha512-WghvT/oYVV6UGhkHyAVUjcJYmqnYJgw8nfYOmsnTeBdpNeyPfhQTwZ+qa63cni2VE/6J29VP/7ijWcuaVlVcqg=="
    },
    "tslint-config-standard": {
      "version": "7.0.0",
      "resolved": "https://registry.npmjs.org/tslint-config-standard/-/tslint-config-standard-7.0.0.tgz",
      "integrity": "sha512-QCrLt8WwiRgZpRSgRsk6cExy8/Vipa/5fHespm4Q1ly90EB6Lni04Ub8dkEW10bV3fPN3SkxEwj41ZOe/knCZA==",
      "requires": {
        "tslint-eslint-rules": "4.1.1"
      }
    },
    "tslint-eslint-rules": {
      "version": "4.1.1",
      "resolved": "https://registry.npmjs.org/tslint-eslint-rules/-/tslint-eslint-rules-4.1.1.tgz",
      "integrity": "sha1-fDDniC8mvCdr/5HSOEl1xp2viLo=",
      "requires": {
        "doctrine": "0.7.2",
        "tslib": "1.9.0",
        "tsutils": "1.9.1"
      },
      "dependencies": {
        "tsutils": {
          "version": "1.9.1",
          "resolved": "https://registry.npmjs.org/tsutils/-/tsutils-1.9.1.tgz",
          "integrity": "sha1-ufmrROVa+WgYMdXyjQrur1x1DLA="
        }
      }
    },
    "tslint-plugin-prettier": {
      "version": "1.3.0",
      "resolved": "https://registry.npmjs.org/tslint-plugin-prettier/-/tslint-plugin-prettier-1.3.0.tgz",
      "integrity": "sha512-6UqeeV6EABp0RdQkW6eC1vwnAXcKMGJgPeJ5soXiKdSm2vv7c3dp+835CM8pjgx9l4uSa7tICm1Kli+SMsADDg==",
      "requires": {
        "eslint-plugin-prettier": "2.6.0",
        "tslib": "1.9.0"
      }
    }
  }
}
